{
  "nodes": {
    "nixpkgs": {
      "locked": {
        "lastModified": 1628997947,
        "narHash": "sha256-ES5V8XPASL1ey+7/asn+JCgLbPKj/jZFHqHmOVlcGJ8=",
        "owner": "NixOS",
        "repo": "nixpkgs",
        "rev": "000973d1a1fbfed6828a56d9893fb4eeed135e33",
        "type": "github"
      },
      "original": {
        "owner": "NixOS",
        "repo": "nixpkgs",
        "type": "github"
      }
    },
    "root": {
      "inputs": {
        "nixpkgs": "nixpkgs"
      }
    }
  },
  "root": "root",
  "version": 7
}
