{
  "nodes": {
    "nixpkgs": {
      "locked": {
        "lastModified": 1629180756,
        "narHash": "sha256-dxr2nIajV5QTPSNyqQjOdIjQXsfmeGIaVj4YfBCArP8=",
        "owner": "NixOS",
        "repo": "nixpkgs",
        "rev": "ba3768aec02b16561ceca1caebdbeb91ae16963d",
        "type": "github"
      },
      "original": {
        "owner": "NixOS",
        "repo": "nixpkgs",
        "type": "github"
      }
    },
    "root": {
      "inputs": {
        "nixpkgs": "nixpkgs"
      }
    }
  },
  "root": "root",
  "version": 7
}
